<?xml version="1.0" encoding="utf-8"?>
<Project ToolsVersion="4.0" xmlns="http://schemas.microsoft.com/developer/msbuild/2003">
  <ItemGroup>
    <Filter Include="applied">
      <UniqueIdentifier>{0702c067-94f8-433e-aea3-446918961b24}</UniqueIdentifier>
    </Filter>
  </ItemGroup>
  <ItemGroup>
    <ClCompile Include="..\..\..\bundles\sonia-prime\applied\win_console.cpp">
      <Filter>applied</Filter>
    </ClCompile>
    <ClCompile Include="..\..\..\bundles\sonia-prime\applied\linux_console.cpp">
      <Filter>applied</Filter>
    </ClCompile>
  </ItemGroup>
  <ItemGroup>
    <ClInclude Include="..\..\..\bundles\sonia-prime\applied\scoped_services.hpp">
      <Filter>applied</Filter>
    </ClInclude>
  </ItemGroup>
</Project>